
Microsoft Visual Studio Solution File, Format Version 12.00
# Visual Studio Version 17
VisualStudioVersion = 17.13.35913.81 d17.13
MinimumVisualStudioVersion = 10.0.40219.1
Project("{8BC9CEB8-8B4A-11D0-8D11-00A0C91BC942}") = "else", "else\else.vcxproj", "{A531CD4C-27DE-4462-92A2-11FDBDF452FC}"
EndProject
Global
	GlobalSection(SolutionConfigurationPlatforms) = preSolution
		Debug|x64 = Debug|x64
		Debug|x86 = Debug|x86
		Release|x64 = Release|x64
		Release|x86 = Release|x86
	EndGlobalSection
	GlobalSection(ProjectConfigurationPlatforms) = postSolution
		{A531CD4C-27DE-4462-92A2-11FDBDF452FC}.Debug|x64.ActiveCfg = Debug|x64
		{A531CD4C-27DE-4462-92A2-11FDBDF452FC}.Debug|x64.Build.0 = Debug|x64
		{A531CD4C-27DE-4462-92A2-11FDBDF452FC}.Debug|x86.ActiveCfg = Debug|Win32
		{A531CD4C-27DE-4462-92A2-11FDBDF452FC}.Debug|x86.Build.0 = Debug|Win32
		{A531CD4C-27DE-4462-92A2-11FDBDF452FC}.Release|x64.ActiveCfg = Release|x64
		{A531CD4C-27DE-4462-92A2-11FDBDF452FC}.Release|x64.Build.0 = Release|x64
		{A531CD4C-27DE-4462-92A2-11FDBDF452FC}.Release|x86.ActiveCfg = Release|Win32
		{A531CD4C-27DE-4462-92A2-11FDBDF452FC}.Release|x86.Build.0 = Release|Win32
	EndGlobalSection
	GlobalSection(SolutionProperties) = preSolution
		HideSolutionNode = FALSE
	EndGlobalSection
	GlobalSection(ExtensibilityGlobals) = postSolution
		SolutionGuid = {97EC05E4-4159-4EE8-AD6F-50FA548E79B5}
	EndGlobalSection
EndGlobal
